
Microsoft Visual Studio Solution File, Format Version 12.00
# Visual Studio 14
VisualStudioVersion = 14.0.25420.1
MinimumVisualStudioVersion = 10.0.40219.1
Project("{FAE04EC0-301F-11D3-BF4B-00C04F79EFBC}") = "UpLoadNews", "UpLoadNews\UpLoadNews.csproj", "{E7D075CF-4FA8-40B7-8FFA-3CB93CF56CEE}"
EndProject
Project("{FAE04EC0-301F-11D3-BF4B-00C04F79EFBC}") = "DaoUploadNews", "DaoUploadNews\DaoUploadNews.csproj", "{9D28EC7D-21F5-4632-A8EE-337FC0442896}"
EndProject
Project("{FAE04EC0-301F-11D3-BF4B-00C04F79EFBC}") = "CreateVideoEffect", "CreateVideoEffect\CreateVideoEffect.csproj", "{0CA33DA5-8EE4-4AE3-8417-0710238120EF}"
EndProject
Project("{FAE04EC0-301F-11D3-BF4B-00C04F79EFBC}") = "AutoUpdate", "AutoUpdate\AutoUpdate.csproj", "{1F330807-8B1B-4824-AA45-DBD9AE2C10C1}"
EndProject
Global
	GlobalSection(SolutionConfigurationPlatforms) = preSolution
		Debug|Any CPU = Debug|Any CPU
		Release|Any CPU = Release|Any CPU
	EndGlobalSection
	GlobalSection(ProjectConfigurationPlatforms) = postSolution
		{E7D075CF-4FA8-40B7-8FFA-3CB93CF56CEE}.Debug|Any CPU.ActiveCfg = Debug|Any CPU
		{E7D075CF-4FA8-40B7-8FFA-3CB93CF56CEE}.Debug|Any CPU.Build.0 = Debug|Any CPU
		{E7D075CF-4FA8-40B7-8FFA-3CB93CF56CEE}.Release|Any CPU.ActiveCfg = Release|Any CPU
		{E7D075CF-4FA8-40B7-8FFA-3CB93CF56CEE}.Release|Any CPU.Build.0 = Release|Any CPU
		{9D28EC7D-21F5-4632-A8EE-337FC0442896}.Debug|Any CPU.ActiveCfg = Debug|Any CPU
		{9D28EC7D-21F5-4632-A8EE-337FC0442896}.Debug|Any CPU.Build.0 = Debug|Any CPU
		{9D28EC7D-21F5-4632-A8EE-337FC0442896}.Release|Any CPU.ActiveCfg = Release|Any CPU
		{9D28EC7D-21F5-4632-A8EE-337FC0442896}.Release|Any CPU.Build.0 = Release|Any CPU
		{0CA33DA5-8EE4-4AE3-8417-0710238120EF}.Debug|Any CPU.ActiveCfg = Debug|Any CPU
		{0CA33DA5-8EE4-4AE3-8417-0710238120EF}.Debug|Any CPU.Build.0 = Debug|Any CPU
		{0CA33DA5-8EE4-4AE3-8417-0710238120EF}.Release|Any CPU.ActiveCfg = Release|Any CPU
		{0CA33DA5-8EE4-4AE3-8417-0710238120EF}.Release|Any CPU.Build.0 = Release|Any CPU
		{1F330807-8B1B-4824-AA45-DBD9AE2C10C1}.Debug|Any CPU.ActiveCfg = Debug|Any CPU
		{1F330807-8B1B-4824-AA45-DBD9AE2C10C1}.Debug|Any CPU.Build.0 = Debug|Any CPU
		{1F330807-8B1B-4824-AA45-DBD9AE2C10C1}.Release|Any CPU.ActiveCfg = Release|Any CPU
		{1F330807-8B1B-4824-AA45-DBD9AE2C10C1}.Release|Any CPU.Build.0 = Release|Any CPU
	EndGlobalSection
	GlobalSection(SolutionProperties) = preSolution
		HideSolutionNode = FALSE
	EndGlobalSection
EndGlobal
